# This file is automatically @generated by Cargo.
# It is not intended for manual editing.
version = 4

[[package]]
name = "http-wasm-guest"
version = "0.11.3"
source = "registry+https://github.com/rust-lang/crates.io-index"
checksum = "6a4e8728e1a5da12de56b46f9715d46dcbbb98a5864e9e7fcf499bf8cd77bec3"
dependencies = [
 "log",
]

[[package]]
name = "http-wasm-rust-demo"
version = "0.1.0"
dependencies = [
 "http-wasm-guest",
 "log",
]

[[package]]
name = "log"
version = "0.4.29"
source = "registry+https://github.com/rust-lang/crates.io-index"
checksum = "5e5032e24019045c762d3c0f28f5b6b8bbf38563a65908389bf7978758920897"
